
Microsoft Visual Studio Solution File, Format Version 12.00
# Visual Studio Version 16
VisualStudioVersion = 16.0.31624.102
MinimumVisualStudioVersion = 10.0.40219.1
Project("{FAE04EC0-301F-11D3-BF4B-00C04F79EFBC}") = "LibApp2", "LibApp2.csproj", "{A5E2D24C-57C9-4127-AB8D-8269568A190A}"
EndProject
Global
	GlobalSection(SolutionConfigurationPlatforms) = preSolution
		Debug|Any CPU = Debug|Any CPU
		Release|Any CPU = Release|Any CPU
	EndGlobalSection
	GlobalSection(ProjectConfigurationPlatforms) = postSolution
		{A5E2D24C-57C9-4127-AB8D-8269568A190A}.Debug|Any CPU.ActiveCfg = Debug|Any CPU
		{A5E2D24C-57C9-4127-AB8D-8269568A190A}.Debug|Any CPU.Build.0 = Debug|Any CPU
		{A5E2D24C-57C9-4127-AB8D-8269568A190A}.Release|Any CPU.ActiveCfg = Release|Any CPU
		{A5E2D24C-57C9-4127-AB8D-8269568A190A}.Release|Any CPU.Build.0 = Release|Any CPU
	EndGlobalSection
	GlobalSection(SolutionProperties) = preSolution
		HideSolutionNode = FALSE
	EndGlobalSection
	GlobalSection(ExtensibilityGlobals) = postSolution
		SolutionGuid = {9818790B-267A-4578-944C-F2C9268C79A9}
	EndGlobalSection
EndGlobal
